
Microsoft Visual Studio Solution File, Format Version 11.00
# Visual Studio 2010
Project("{FAE04EC0-301F-11D3-BF4B-00C04F79EFBC}") = "SteamVR", "SteamVR.csproj", "{b8f6c5b1-31fb-8afe-3817-6cf3059afaf6}"
EndProject
Project("{FAE04EC0-301F-11D3-BF4B-00C04F79EFBC}") = "Assembly-CSharp", "Assembly-CSharp.csproj", "{824a700c-878e-5cde-03a8-584c607f2f96}"
EndProject
Project("{FAE04EC0-301F-11D3-BF4B-00C04F79EFBC}") = "SteamVR_Actions", "SteamVR_Actions.csproj", "{cd317c46-b51e-3259-17bf-91ee3dd96352}"
EndProject
Project("{FAE04EC0-301F-11D3-BF4B-00C04F79EFBC}") = "SteamVR_Input_Editor", "SteamVR_Input_Editor.csproj", "{e99c6f1c-5d47-c0e5-14b1-0d1211230361}"
EndProject
Project("{FAE04EC0-301F-11D3-BF4B-00C04F79EFBC}") = "SteamVR_Editor", "SteamVR_Editor.csproj", "{7887522e-ba26-4a53-1d3f-864b1d3fb715}"
EndProject
Project("{FAE04EC0-301F-11D3-BF4B-00C04F79EFBC}") = "SteamVR_Windows_EditorHelper", "SteamVR_Windows_EditorHelper.csproj", "{797c4b7f-7954-b159-8f03-f339a90aa2a8}"
EndProject
Global
	GlobalSection(SolutionConfigurationPlatforms) = preSolution
		Debug|Any CPU = Debug|Any CPU
	EndGlobalSection
	GlobalSection(ProjectConfigurationPlatforms) = postSolution
		{b8f6c5b1-31fb-8afe-3817-6cf3059afaf6}.Debug|Any CPU.ActiveCfg = Debug|Any CPU
		{b8f6c5b1-31fb-8afe-3817-6cf3059afaf6}.Debug|Any CPU.Build.0 = Debug|Any CPU
		{824a700c-878e-5cde-03a8-584c607f2f96}.Debug|Any CPU.ActiveCfg = Debug|Any CPU
		{824a700c-878e-5cde-03a8-584c607f2f96}.Debug|Any CPU.Build.0 = Debug|Any CPU
		{cd317c46-b51e-3259-17bf-91ee3dd96352}.Debug|Any CPU.ActiveCfg = Debug|Any CPU
		{cd317c46-b51e-3259-17bf-91ee3dd96352}.Debug|Any CPU.Build.0 = Debug|Any CPU
		{e99c6f1c-5d47-c0e5-14b1-0d1211230361}.Debug|Any CPU.ActiveCfg = Debug|Any CPU
		{e99c6f1c-5d47-c0e5-14b1-0d1211230361}.Debug|Any CPU.Build.0 = Debug|Any CPU
		{7887522e-ba26-4a53-1d3f-864b1d3fb715}.Debug|Any CPU.ActiveCfg = Debug|Any CPU
		{7887522e-ba26-4a53-1d3f-864b1d3fb715}.Debug|Any CPU.Build.0 = Debug|Any CPU
		{797c4b7f-7954-b159-8f03-f339a90aa2a8}.Debug|Any CPU.ActiveCfg = Debug|Any CPU
		{797c4b7f-7954-b159-8f03-f339a90aa2a8}.Debug|Any CPU.Build.0 = Debug|Any CPU
	EndGlobalSection
	GlobalSection(SolutionProperties) = preSolution
		HideSolutionNode = FALSE
	EndGlobalSection
EndGlobal
